Microsoft Visual Studio Solution File, Format Version 12.00
# Visual Studio 15
VisualStudioVersion = 15.0.26730.16
MinimumVisualStudioVersion = 10.0.40219.1
Project("{9A19103F-16F7-4668-BE54-9A1E7A4F7556}") = "XHtmlKit", "XHtmlKit\XHtmlKit.csproj", "{9BEEE864-D212-4922-B190-2224F3205909}"
EndProject
Project("{FAE04EC0-301F-11D3-BF4B-00C04F79EFBC}") = "XHtmlKit.Net45.Tests", "..\Tests\XHtmlKit.Net45.Tests\XHtmlKit.Net45.Tests.csproj", "{698BB032-0530-4952-973C-078FBF73DD36}"
EndProject
Project("{9A19103F-16F7-4668-BE54-9A1E7A4F7556}") = "XHtmlKit.NetCoreApp1.0.Tests", "..\Tests\XHtmlKit.NetCoreApp1.0.Tests\XHtmlKit.NetCoreApp1.0.Tests.csproj", "{CF824FA3-6DBF-48D6-8CC0-A0D225D53882}"
EndProject
Project("{FAE04EC0-301F-11D3-BF4B-00C04F79EFBC}") = "ComparePerf", "..\Samples\ComparePerf\ComparePerf.csproj", "{71C5DE6A-000A-40DD-9CE8-2CD4666ABAE0}"
EndProject
Project("{FAE04EC0-301F-11D3-BF4B-00C04F79EFBC}") = "XHtmlKit.Net20.Tests", "..\Tests\XHtmlKit.Net20.Tests\XHtmlKit.Net20.Tests.csproj", "{A216B5CB-4668-4AA3-A4B7-2BA55A03A560}"
EndProject
Global
	GlobalSection(SolutionConfigurationPlatforms) = preSolution
		Debug|Any CPU = Debug|Any CPU
		Release|Any CPU = Release|Any CPU
	EndGlobalSection
	GlobalSection(ProjectConfigurationPlatforms) = postSolution
		{9BEEE864-D212-4922-B190-2224F3205909}.Debug|Any CPU.ActiveCfg = Debug|Any CPU
		{9BEEE864-D212-4922-B190-2224F3205909}.Debug|Any CPU.Build.0 = Debug|Any CPU
		{9BEEE864-D212-4922-B190-2224F3205909}.Release|Any CPU.ActiveCfg = Release|Any CPU
		{9BEEE864-D212-4922-B190-2224F3205909}.Release|Any CPU.Build.0 = Release|Any CPU
		{698BB032-0530-4952-973C-078FBF73DD36}.Debug|Any CPU.ActiveCfg = Debug|Any CPU
		{698BB032-0530-4952-973C-078FBF73DD36}.Debug|Any CPU.Build.0 = Debug|Any CPU
		{698BB032-0530-4952-973C-078FBF73DD36}.Release|Any CPU.ActiveCfg = Release|Any CPU
		{698BB032-0530-4952-973C-078FBF73DD36}.Release|Any CPU.Build.0 = Release|Any CPU
		{CF824FA3-6DBF-48D6-8CC0-A0D225D53882}.Debug|Any CPU.ActiveCfg = Debug|Any CPU
		{CF824FA3-6DBF-48D6-8CC0-A0D225D53882}.Debug|Any CPU.Build.0 = Debug|Any CPU
		{CF824FA3-6DBF-48D6-8CC0-A0D225D53882}.Release|Any CPU.ActiveCfg = Release|Any CPU
		{CF824FA3-6DBF-48D6-8CC0-A0D225D53882}.Release|Any CPU.Build.0 = Release|Any CPU
		{71C5DE6A-000A-40DD-9CE8-2CD4666ABAE0}.Debug|Any CPU.ActiveCfg = Debug|Any CPU
		{71C5DE6A-000A-40DD-9CE8-2CD4666ABAE0}.Debug|Any CPU.Build.0 = Debug|Any CPU
		{71C5DE6A-000A-40DD-9CE8-2CD4666ABAE0}.Release|Any CPU.ActiveCfg = Release|Any CPU
		{71C5DE6A-000A-40DD-9CE8-2CD4666ABAE0}.Release|Any CPU.Build.0 = Release|Any CPU
		{A216B5CB-4668-4AA3-A4B7-2BA55A03A560}.Debug|Any CPU.ActiveCfg = Debug|Any CPU
		{A216B5CB-4668-4AA3-A4B7-2BA55A03A560}.Debug|Any CPU.Build.0 = Debug|Any CPU
		{A216B5CB-4668-4AA3-A4B7-2BA55A03A560}.Release|Any CPU.ActiveCfg = Release|Any CPU
		{A216B5CB-4668-4AA3-A4B7-2BA55A03A560}.Release|Any CPU.Build.0 = Release|Any CPU
	EndGlobalSection
	GlobalSection(SolutionProperties) = preSolution
		HideSolutionNode = FALSE
	EndGlobalSection
	GlobalSection(ExtensibilityGlobals) = postSolution
		SolutionGuid = {F4AA8766-986B-4E47-8FCA-BF2B43DE313A}
	EndGlobalSection
EndGlobal
